
Microsoft Visual Studio Solution File, Format Version 12.00
# Visual Studio 15
VisualStudioVersion = 15.0.27703.2035
MinimumVisualStudioVersion = 10.0.40219.1
Project("{FAE04EC0-301F-11D3-BF4B-00C04F79EFBC}") = "S", "Snake\Snake.csproj", "{7DA828E0-98F0-46A7-B6FC-9BB41CF299D8}"
EndProject
Global
	GlobalSection(SolutionConfigurationPlatforms) = preSolution
		Debug|Any CPU = Debug|Any CPU
		Release|Any CPU = Release|Any CPU
	EndGlobalSection
	GlobalSection(ProjectConfigurationPlatforms) = postSolution
		{7DA828E0-98F0-46A7-B6FC-9BB41CF299D8}.Debug|Any CPU.ActiveCfg = Debug|Any CPU
		{7DA828E0-98F0-46A7-B6FC-9BB41CF299D8}.Debug|Any CPU.Build.0 = Debug|Any CPU
		{7DA828E0-98F0-46A7-B6FC-9BB41CF299D8}.Release|Any CPU.ActiveCfg = Release|Any CPU
		{7DA828E0-98F0-46A7-B6FC-9BB41CF299D8}.Release|Any CPU.Build.0 = Release|Any CPU
	EndGlobalSection
	GlobalSection(SolutionProperties) = preSolution
		HideSolutionNode = FALSE
	EndGlobalSection
	GlobalSection(ExtensibilityGlobals) = postSolution
		SolutionGuid = {A3BF339E-1EC7-426C-AF1A-A69A14874662}
	EndGlobalSection
EndGlobal
